
Microsoft Visual Studio Solution File, Format Version 12.00
# Visual Studio Version 16
VisualStudioVersion = 16.0.29209.62
MinimumVisualStudioVersion = 10.0.40219.1
Project("{8BC9CEB8-8B4A-11D0-8D11-00A0C91BC942}") = "Struct-Nilai-Balik-Fungsi__CPP", "Struct-Nilai-Balik-Fungsi__CPP.vcxproj", "{3B123579-89EC-496F-B526-FB470E7BC3F5}"
EndProject
Global
	GlobalSection(SolutionConfigurationPlatforms) = preSolution
		Debug|x64 = Debug|x64
		Debug|x86 = Debug|x86
		Release|x64 = Release|x64
		Release|x86 = Release|x86
	EndGlobalSection
	GlobalSection(ProjectConfigurationPlatforms) = postSolution
		{3B123579-89EC-496F-B526-FB470E7BC3F5}.Debug|x64.ActiveCfg = Debug|x64
		{3B123579-89EC-496F-B526-FB470E7BC3F5}.Debug|x64.Build.0 = Debug|x64
		{3B123579-89EC-496F-B526-FB470E7BC3F5}.Debug|x86.ActiveCfg = Debug|Win32
		{3B123579-89EC-496F-B526-FB470E7BC3F5}.Debug|x86.Build.0 = Debug|Win32
		{3B123579-89EC-496F-B526-FB470E7BC3F5}.Release|x64.ActiveCfg = Release|x64
		{3B123579-89EC-496F-B526-FB470E7BC3F5}.Release|x64.Build.0 = Release|x64
		{3B123579-89EC-496F-B526-FB470E7BC3F5}.Release|x86.ActiveCfg = Release|Win32
		{3B123579-89EC-496F-B526-FB470E7BC3F5}.Release|x86.Build.0 = Release|Win32
	EndGlobalSection
	GlobalSection(SolutionProperties) = preSolution
		HideSolutionNode = FALSE
	EndGlobalSection
	GlobalSection(ExtensibilityGlobals) = postSolution
		SolutionGuid = {0B392C3D-1A07-441D-8551-C6ABC7B0227D}
	EndGlobalSection
EndGlobal
